
Microsoft Visual Studio Solution File, Format Version 12.00
# Visual Studio 15
VisualStudioVersion = 15.0.26430.16
MinimumVisualStudioVersion = 10.0.40219.1
Project("{FAE04EC0-301F-11D3-BF4B-00C04F79EFBC}") = "HamburguerMenuApp", "HamburgerMenuApp\HamburguerMenuApp.csproj", "{A183F3B6-E2B6-43E4-984B-62A9B0B6680A}"
EndProject
Global
	GlobalSection(SolutionConfigurationPlatforms) = preSolution
		Debug|ARM = Debug|ARM
		Debug|x64 = Debug|x64
		Debug|x86 = Debug|x86
		Release|ARM = Release|ARM
		Release|x64 = Release|x64
		Release|x86 = Release|x86
	EndGlobalSection
	GlobalSection(ProjectConfigurationPlatforms) = postSolution
		{A183F3B6-E2B6-43E4-984B-62A9B0B6680A}.Debug|ARM.ActiveCfg = Debug|ARM
		{A183F3B6-E2B6-43E4-984B-62A9B0B6680A}.Debug|ARM.Build.0 = Debug|ARM
		{A183F3B6-E2B6-43E4-984B-62A9B0B6680A}.Debug|ARM.Deploy.0 = Debug|ARM
		{A183F3B6-E2B6-43E4-984B-62A9B0B6680A}.Debug|x64.ActiveCfg = Debug|x64
		{A183F3B6-E2B6-43E4-984B-62A9B0B6680A}.Debug|x64.Build.0 = Debug|x64
		{A183F3B6-E2B6-43E4-984B-62A9B0B6680A}.Debug|x64.Deploy.0 = Debug|x64
		{A183F3B6-E2B6-43E4-984B-62A9B0B6680A}.Debug|x86.ActiveCfg = Debug|x86
		{A183F3B6-E2B6-43E4-984B-62A9B0B6680A}.Debug|x86.Build.0 = Debug|x86
		{A183F3B6-E2B6-43E4-984B-62A9B0B6680A}.Debug|x86.Deploy.0 = Debug|x86
		{A183F3B6-E2B6-43E4-984B-62A9B0B6680A}.Release|ARM.ActiveCfg = Release|ARM
		{A183F3B6-E2B6-43E4-984B-62A9B0B6680A}.Release|ARM.Build.0 = Release|ARM
		{A183F3B6-E2B6-43E4-984B-62A9B0B6680A}.Release|ARM.Deploy.0 = Release|ARM
		{A183F3B6-E2B6-43E4-984B-62A9B0B6680A}.Release|x64.ActiveCfg = Release|x64
		{A183F3B6-E2B6-43E4-984B-62A9B0B6680A}.Release|x64.Build.0 = Release|x64
		{A183F3B6-E2B6-43E4-984B-62A9B0B6680A}.Release|x64.Deploy.0 = Release|x64
		{A183F3B6-E2B6-43E4-984B-62A9B0B6680A}.Release|x86.ActiveCfg = Release|x86
		{A183F3B6-E2B6-43E4-984B-62A9B0B6680A}.Release|x86.Build.0 = Release|x86
		{A183F3B6-E2B6-43E4-984B-62A9B0B6680A}.Release|x86.Deploy.0 = Release|x86
	EndGlobalSection
	GlobalSection(SolutionProperties) = preSolution
		HideSolutionNode = FALSE
	EndGlobalSection
EndGlobal
